// !$*UTF8*$!
{
	archiveVersion = 1;
	classes = {
	};
	objectVersion = 50;
	objects = {

/* Begin PBXBuildFile section */
		0EFB8744261C14620030B3DB /* main.cpp in Sources */ = {isa = PBXBuildFile; fileRef = 0EFB8743261C14620030B3DB /* main.cpp */; };
		0EFB874D261C14810030B3DB /* Flatulan.cpp in Sources */ = {isa = PBXBuildFile; fileRef = 0EFB874B261C14810030B3DB /* Flatulan.cpp */; };
		0EFB8751261C14A60030B3DB /* Player.cpp in Sources */ = {isa = PBXBuildFile; fileRef = 0EFB874F261C14A60030B3DB /* Player.cpp */; };
		0EFB8756261C14C40030B3DB /* History.cpp in Sources */ = {isa = PBXBuildFile; fileRef = 0EFB8754261C14C40030B3DB /* History.cpp */; };
		0EFB875B261C14DA0030B3DB /* City.cpp in Sources */ = {isa = PBXBuildFile; fileRef = 0EFB8759261C14DA0030B3DB /* City.cpp */; };
		0EFB8760261C14F00030B3DB /* Game.cpp in Sources */ = {isa = PBXBuildFile; fileRef = 0EFB875E261C14F00030B3DB /* Game.cpp */; };
		0EFB8764261C150D0030B3DB /* utilities.cpp in Sources */ = {isa = PBXBuildFile; fileRef = 0EFB8763261C150D0030B3DB /* utilities.cpp */; };
/* End PBXBuildFile section */

/* Begin PBXCopyFilesBuildPhase section */
		0EFB873E261C14620030B3DB /* CopyFiles */ = {
			isa = PBXCopyFilesBuildPhase;
			buildActionMask = 2147483647;
			dstPath = /usr/share/man/man1/;
			dstSubfolderSpec = 0;
			files = (
			);
			runOnlyForDeploymentPostprocessing = 1;
		};
/* End PBXCopyFilesBuildPhase section */

/* Begin PBXFileReference section */
		0EFB8740261C14620030B3DB /* Project 1 CS32 */ = {isa = PBXFileReference; explicitFileType = "compiled.mach-o.executable"; includeInIndex = 0; path = "Project 1 CS32"; sourceTree = BUILT_PRODUCTS_DIR; };
		0EFB8743261C14620030B3DB /* main.cpp */ = {isa = PBXFileReference; lastKnownFileType = sourcecode.cpp.cpp; path = main.cpp; sourceTree = "<group>"; };
		0EFB874B261C14810030B3DB /* Flatulan.cpp */ = {isa = PBXFileReference; lastKnownFileType = sourcecode.cpp.cpp; path = Flatulan.cpp; sourceTree = "<group>"; };
		0EFB874C261C14810030B3DB /* Flatulan.h */ = {isa = PBXFileReference; lastKnownFileType = sourcecode.c.h; path = Flatulan.h; sourceTree = "<group>"; };
		0EFB874F261C14A60030B3DB /* Player.cpp */ = {isa = PBXFileReference; lastKnownFileType = sourcecode.cpp.cpp; path = Player.cpp; sourceTree = "<group>"; };
		0EFB8750261C14A60030B3DB /* Player.h */ = {isa = PBXFileReference; lastKnownFileType = sourcecode.c.h; path = Player.h; sourceTree = "<group>"; };
		0EFB8754261C14C40030B3DB /* History.cpp */ = {isa = PBXFileReference; lastKnownFileType = sourcecode.cpp.cpp; path = History.cpp; sourceTree = "<group>"; };
		0EFB8755261C14C40030B3DB /* History.h */ = {isa = PBXFileReference; lastKnownFileType = sourcecode.c.h; path = History.h; sourceTree = "<group>"; };
		0EFB8759261C14DA0030B3DB /* City.cpp */ = {isa = PBXFileReference; lastKnownFileType = sourcecode.cpp.cpp; path = City.cpp; sourceTree = "<group>"; };
		0EFB875A261C14DA0030B3DB /* City.h */ = {isa = PBXFileReference; lastKnownFileType = sourcecode.c.h; path = City.h; sourceTree = "<group>"; };
		0EFB875E261C14F00030B3DB /* Game.cpp */ = {isa = PBXFileReference; lastKnownFileType = sourcecode.cpp.cpp; path = Game.cpp; sourceTree = "<group>"; };
		0EFB875F261C14F00030B3DB /* Game.h */ = {isa = PBXFileReference; lastKnownFileType = sourcecode.c.h; path = Game.h; sourceTree = "<group>"; };
		0EFB8763261C150D0030B3DB /* utilities.cpp */ = {isa = PBXFileReference; lastKnownFileType = sourcecode.cpp.cpp; path = utilities.cpp; sourceTree = "<group>"; };
		0EFB8767261C15340030B3DB /* globals.h */ = {isa = PBXFileReference; lastKnownFileType = sourcecode.c.h; path = globals.h; sourceTree = "<group>"; };
/* End PBXFileReference section */

/* Begin PBXFrameworksBuildPhase section */
		0EFB873D261C14620030B3DB /* Frameworks */ = {
			isa = PBXFrameworksBuildPhase;
			buildActionMask = 2147483647;
			files = (
			);
			runOnlyForDeploymentPostprocessing = 0;
		};
/* End PBXFrameworksBuildPhase section */

/* Begin PBXGroup section */
		0EFB8737261C14620030B3DB = {
			isa = PBXGroup;
			children = (
				0EFB8742261C14620030B3DB /* Project 1 CS32 */,
				0EFB8741261C14620030B3DB /* Products */,
			);
			sourceTree = "<group>";
		};
		0EFB8741261C14620030B3DB /* Products */ = {
			isa = PBXGroup;
			children = (
				0EFB8740261C14620030B3DB /* Project 1 CS32 */,
			);
			name = Products;
			sourceTree = "<group>";
		};
		0EFB8742261C14620030B3DB /* Project 1 CS32 */ = {
			isa = PBXGroup;
			children = (
				0EFB8743261C14620030B3DB /* main.cpp */,
				0EFB874B261C14810030B3DB /* Flatulan.cpp */,
				0EFB874C261C14810030B3DB /* Flatulan.h */,
				0EFB874F261C14A60030B3DB /* Player.cpp */,
				0EFB8750261C14A60030B3DB /* Player.h */,
				0EFB8754261C14C40030B3DB /* History.cpp */,
				0EFB8755261C14C40030B3DB /* History.h */,
				0EFB8759261C14DA0030B3DB /* City.cpp */,
				0EFB875A261C14DA0030B3DB /* City.h */,
				0EFB875E261C14F00030B3DB /* Game.cpp */,
				0EFB875F261C14F00030B3DB /* Game.h */,
				0EFB8763261C150D0030B3DB /* utilities.cpp */,
				0EFB8767261C15340030B3DB /* globals.h */,
			);
			path = "Project 1 CS32";
			sourceTree = "<group>";
		};
/* End PBXGroup section */

/* Begin PBXNativeTarget section */
		0EFB873F261C14620030B3DB /* Project 1 CS32 */ = {
			isa = PBXNativeTarget;
			buildConfigurationList = 0EFB8747261C14620030B3DB /* Build configuration list for PBXNativeTarget "Project 1 CS32" */;
			buildPhases = (
				0EFB873C261C14620030B3DB /* Sources */,
				0EFB873D261C14620030B3DB /* Frameworks */,
				0EFB873E261C14620030B3DB /* CopyFiles */,
			);
			buildRules = (
			);
			dependencies = (
			);
			name = "Project 1 CS32";
			productName = "Project 1 CS32";
			productReference = 0EFB8740261C14620030B3DB /* Project 1 CS32 */;
			productType = "com.apple.product-type.tool";
		};
/* End PBXNativeTarget section */

/* Begin PBXProject section */
		0EFB8738261C14620030B3DB /* Project object */ = {
			isa = PBXProject;
			attributes = {
				LastUpgradeCheck = 1230;
				TargetAttributes = {
					0EFB873F261C14620030B3DB = {
						CreatedOnToolsVersion = 12.3;
					};
				};
			};
			buildConfigurationList = 0EFB873B261C14620030B3DB /* Build configuration list for PBXProject "Project 1 CS32" */;
			compatibilityVersion = "Xcode 9.3";
			developmentRegion = en;
			hasScannedForEncodings = 0;
			knownRegions = (
				en,
				Base,
			);
			mainGroup = 0EFB8737261C14620030B3DB;
			productRefGroup = 0EFB8741261C14620030B3DB /* Products */;
			projectDirPath = "";
			projectRoot = "";
			targets = (
				0EFB873F261C14620030B3DB /* Project 1 CS32 */,
			);
		};
/* End PBXProject section */

/* Begin PBXSourcesBuildPhase section */
		0EFB873C261C14620030B3DB /* Sources */ = {
			isa = PBXSourcesBuildPhase;
			buildActionMask = 2147483647;
			files = (
				0EFB874D261C14810030B3DB /* Flatulan.cpp in Sources */,
				0EFB8744261C14620030B3DB /* main.cpp in Sources */,
				0EFB8756261C14C40030B3DB /* History.cpp in Sources */,
				0EFB8760261C14F00030B3DB /* Game.cpp in Sources */,
				0EFB8751261C14A60030B3DB /* Player.cpp in Sources */,
				0EFB8764261C150D0030B3DB /* utilities.cpp in Sources */,
				0EFB875B261C14DA0030B3DB /* City.cpp in Sources */,
			);
			runOnlyForDeploymentPostprocessing = 0;
		};
/* End PBXSourcesBuildPhase section */

/* Begin XCBuildConfiguration section */
		0EFB8745261C14620030B3DB /* Debug */ = {
			isa = XCBuildConfiguration;
			buildSettings = {
				ALWAYS_SEARCH_USER_PATHS = NO;
				CLANG_ANALYZER_NONNULL = YES;
				CLANG_ANALYZER_NUMBER_OBJECT_CONVERSION = YES_AGGRESSIVE;
				CLANG_CXX_LANGUAGE_STANDARD = "gnu++14";
				CLANG_CXX_LIBRARY = "libc++";
				CLANG_ENABLE_MODULES = YES;
				CLANG_ENABLE_OBJC_ARC = YES;
				CLANG_ENABLE_OBJC_WEAK = YES;
				CLANG_WARN_BLOCK_CAPTURE_AUTORELEASING = YES;
				CLANG_WARN_BOOL_CONVERSION = YES;
				CLANG_WARN_COMMA = YES;
				CLANG_WARN_CONSTANT_CONVERSION = YES;
				CLANG_WARN_DEPRECATED_OBJC_IMPLEMENTATIONS = YES;
				CLANG_WARN_DIRECT_OBJC_ISA_USAGE = YES_ERROR;
				CLANG_WARN_DOCUMENTATION_COMMENTS = YES;
				CLANG_WARN_EMPTY_BODY = YES;
				CLANG_WARN_ENUM_CONVERSION = YES;
				CLANG_WARN_INFINITE_RECURSION = YES;
				CLANG_WARN_INT_CONVERSION = YES;
				CLANG_WARN_NON_LITERAL_NULL_CONVERSION = YES;
				CLANG_WARN_OBJC_IMPLICIT_RETAIN_SELF = YES;
				CLANG_WARN_OBJC_LITERAL_CONVERSION = YES;
				CLANG_WARN_OBJC_ROOT_CLASS = YES_ERROR;
				CLANG_WARN_QUOTED_INCLUDE_IN_FRAMEWORK_HEADER = YES;
				CLANG_WARN_RANGE_LOOP_ANALYSIS = YES;
				CLANG_WARN_STRICT_PROTOTYPES = YES;
				CLANG_WARN_SUSPICIOUS_MOVE = YES;
				CLANG_WARN_UNGUARDED_AVAILABILITY = YES_AGGRESSIVE;
				CLANG_WARN_UNREACHABLE_CODE = YES;
				CLANG_WARN__DUPLICATE_METHOD_MATCH = YES;
				COPY_PHASE_STRIP = NO;
				DEBUG_INFORMATION_FORMAT = dwarf;
				ENABLE_STRICT_OBJC_MSGSEND = YES;
				ENABLE_TESTABILITY = YES;
				GCC_C_LANGUAGE_STANDARD = gnu11;
				GCC_DYNAMIC_NO_PIC = NO;
				GCC_NO_COMMON_BLOCKS = YES;
				GCC_OPTIMIZATION_LEVEL = 0;
				GCC_PREPROCESSOR_DEFINITIONS = (
					"DEBUG=1",
					"$(inherited)",
				);
				GCC_WARN_64_TO_32_BIT_CONVERSION = YES;
				GCC_WARN_ABOUT_RETURN_TYPE = YES_ERROR;
				GCC_WARN_UNDECLARED_SELECTOR = YES;
				GCC_WARN_UNINITIALIZED_AUTOS = YES_AGGRESSIVE;
				GCC_WARN_UNUSED_FUNCTION = YES;
				GCC_WARN_UNUSED_VARIABLE = YES;
				MACOSX_DEPLOYMENT_TARGET = 11.0;
				MTL_ENABLE_DEBUG_INFO = INCLUDE_SOURCE;
				MTL_FAST_MATH = YES;
				ONLY_ACTIVE_ARCH = YES;
				SDKROOT = macosx;
			};
			name = Debug;
		};
		0EFB8746261C14620030B3DB /* Release */ = {
			isa = XCBuildConfiguration;
			buildSettings = {
				ALWAYS_SEARCH_USER_PATHS = NO;
				CLANG_ANALYZER_NONNULL = YES;
				CLANG_ANALYZER_NUMBER_OBJECT_CONVERSION = YES_AGGRESSIVE;
				CLANG_CXX_LANGUAGE_STANDARD = "gnu++14";
				CLANG_CXX_LIBRARY = "libc++";
				CLANG_ENABLE_MODULES = YES;
				CLANG_ENABLE_OBJC_ARC = YES;
				CLANG_ENABLE_OBJC_WEAK = YES;
				CLANG_WARN_BLOCK_CAPTURE_AUTORELEASING = YES;
				CLANG_WARN_BOOL_CONVERSION = YES;
				CLANG_WARN_COMMA = YES;
				CLANG_WARN_CONSTANT_CONVERSION = YES;
				CLANG_WARN_DEPRECATED_OBJC_IMPLEMENTATIONS = YES;
				CLANG_WARN_DIRECT_OBJC_ISA_USAGE = YES_ERROR;
				CLANG_WARN_DOCUMENTATION_COMMENTS = YES;
				CLANG_WARN_EMPTY_BODY = YES;
				CLANG_WARN_ENUM_CONVERSION = YES;
				CLANG_WARN_INFINITE_RECURSION = YES;
				CLANG_WARN_INT_CONVERSION = YES;
				CLANG_WARN_NON_LITERAL_NULL_CONVERSION = YES;
				CLANG_WARN_OBJC_IMPLICIT_RETAIN_SELF = YES;
				CLANG_WARN_OBJC_LITERAL_CONVERSION = YES;
				CLANG_WARN_OBJC_ROOT_CLASS = YES_ERROR;
				CLANG_WARN_QUOTED_INCLUDE_IN_FRAMEWORK_HEADER = YES;
				CLANG_WARN_RANGE_LOOP_ANALYSIS = YES;
				CLANG_WARN_STRICT_PROTOTYPES = YES;
				CLANG_WARN_SUSPICIOUS_MOVE = YES;
				CLANG_WARN_UNGUARDED_AVAILABILITY = YES_AGGRESSIVE;
				CLANG_WARN_UNREACHABLE_CODE = YES;
				CLANG_WARN__DUPLICATE_METHOD_MATCH = YES;
				COPY_PHASE_STRIP = NO;
				DEBUG_INFORMATION_FORMAT = "dwarf-with-dsym";
				ENABLE_NS_ASSERTIONS = NO;
				ENABLE_STRICT_OBJC_MSGSEND = YES;
				GCC_C_LANGUAGE_STANDARD = gnu11;
				GCC_NO_COMMON_BLOCKS = YES;
				GCC_WARN_64_TO_32_BIT_CONVERSION = YES;
				GCC_WARN_ABOUT_RETURN_TYPE = YES_ERROR;
				GCC_WARN_UNDECLARED_SELECTOR = YES;
				GCC_WARN_UNINITIALIZED_AUTOS = YES_AGGRESSIVE;
				GCC_WARN_UNUSED_FUNCTION = YES;
				GCC_WARN_UNUSED_VARIABLE = YES;
				MACOSX_DEPLOYMENT_TARGET = 11.0;
				MTL_ENABLE_DEBUG_INFO = NO;
				MTL_FAST_MATH = YES;
				SDKROOT = macosx;
			};
			name = Release;
		};
		0EFB8748261C14620030B3DB /* Debug */ = {
			isa = XCBuildConfiguration;
			buildSettings = {
				CODE_SIGN_STYLE = Automatic;
				DEVELOPMENT_TEAM = 98KA78HPD4;
				ENABLE_HARDENED_RUNTIME = YES;
				PRODUCT_NAME = "$(TARGET_NAME)";
			};
			name = Debug;
		};
		0EFB8749261C14620030B3DB /* Release */ = {
			isa = XCBuildConfiguration;
			buildSettings = {
				CODE_SIGN_STYLE = Automatic;
				DEVELOPMENT_TEAM = 98KA78HPD4;
				ENABLE_HARDENED_RUNTIME = YES;
				PRODUCT_NAME = "$(TARGET_NAME)";
			};
			name = Release;
		};
/* End XCBuildConfiguration section */

/* Begin XCConfigurationList section */
		0EFB873B261C14620030B3DB /* Build configuration list for PBXProject "Project 1 CS32" */ = {
			isa = XCConfigurationList;
			buildConfigurations = (
				0EFB8745261C14620030B3DB /* Debug */,
				0EFB8746261C14620030B3DB /* Release */,
			);
			defaultConfigurationIsVisible = 0;
			defaultConfigurationName = Release;
		};
		0EFB8747261C14620030B3DB /* Build configuration list for PBXNativeTarget "Project 1 CS32" */ = {
			isa = XCConfigurationList;
			buildConfigurations = (
				0EFB8748261C14620030B3DB /* Debug */,
				0EFB8749261C14620030B3DB /* Release */,
			);
			defaultConfigurationIsVisible = 0;
			defaultConfigurationName = Release;
		};
/* End XCConfigurationList section */
	};
	rootObject = 0EFB8738261C14620030B3DB /* Project object */;
}
